
Microsoft Visual Studio Solution File, Format Version 12.00
# Visual Studio Version 16
VisualStudioVersion = 16.0.28803.352
MinimumVisualStudioVersion = 10.0.40219.1
Project("{FAE04EC0-301F-11D3-BF4B-00C04F79EFBC}") = "Store", "Store\Store.csproj", "{62D64358-70D1-4CB0-85C6-7156CB3EFFD8}"
EndProject
Project("{FAE04EC0-301F-11D3-BF4B-00C04F79EFBC}") = "store.core", "store.core\store.core.csproj", "{BAB14ED8-1C74-41FE-9DFD-3F2ED03B51E9}"
EndProject
Project("{FAE04EC0-301F-11D3-BF4B-00C04F79EFBC}") = "store.db", "store.db\store.db.csproj", "{614D2850-D6E1-42C0-A118-DCFC028CD6C1}"
EndProject
Global
	GlobalSection(SolutionConfigurationPlatforms) = preSolution
		Debug|Any CPU = Debug|Any CPU
		Release|Any CPU = Release|Any CPU
	EndGlobalSection
	GlobalSection(ProjectConfigurationPlatforms) = postSolution
		{62D64358-70D1-4CB0-85C6-7156CB3EFFD8}.Debug|Any CPU.ActiveCfg = Debug|Any CPU
		{62D64358-70D1-4CB0-85C6-7156CB3EFFD8}.Debug|Any CPU.Build.0 = Debug|Any CPU
		{62D64358-70D1-4CB0-85C6-7156CB3EFFD8}.Release|Any CPU.ActiveCfg = Release|Any CPU
		{62D64358-70D1-4CB0-85C6-7156CB3EFFD8}.Release|Any CPU.Build.0 = Release|Any CPU
		{BAB14ED8-1C74-41FE-9DFD-3F2ED03B51E9}.Debug|Any CPU.ActiveCfg = Debug|Any CPU
		{BAB14ED8-1C74-41FE-9DFD-3F2ED03B51E9}.Debug|Any CPU.Build.0 = Debug|Any CPU
		{BAB14ED8-1C74-41FE-9DFD-3F2ED03B51E9}.Release|Any CPU.ActiveCfg = Release|Any CPU
		{BAB14ED8-1C74-41FE-9DFD-3F2ED03B51E9}.Release|Any CPU.Build.0 = Release|Any CPU
		{614D2850-D6E1-42C0-A118-DCFC028CD6C1}.Debug|Any CPU.ActiveCfg = Debug|Any CPU
		{614D2850-D6E1-42C0-A118-DCFC028CD6C1}.Debug|Any CPU.Build.0 = Debug|Any CPU
		{614D2850-D6E1-42C0-A118-DCFC028CD6C1}.Release|Any CPU.ActiveCfg = Release|Any CPU
		{614D2850-D6E1-42C0-A118-DCFC028CD6C1}.Release|Any CPU.Build.0 = Release|Any CPU
	EndGlobalSection
	GlobalSection(SolutionProperties) = preSolution
		HideSolutionNode = FALSE
	EndGlobalSection
	GlobalSection(ExtensibilityGlobals) = postSolution
		SolutionGuid = {7DE27595-D091-4C4D-9DED-E86679B8D602}
	EndGlobalSection
EndGlobal
